
Microsoft Visual Studio Solution File, Format Version 12.00
# Visual Studio 15
VisualStudioVersion = 15.0.27130.2036
MinimumVisualStudioVersion = 10.0.40219.1
Project("{FAE04EC0-301F-11D3-BF4B-00C04F79EFBC}") = "Habraken-SLE", "Habraken-SLE\Habraken-SLE.csproj", "{467A4790-5F52-4FBD-9B6F-F4C4428A3CDD}"
EndProject
Global
	GlobalSection(SolutionConfigurationPlatforms) = preSolution
		Debug|Any CPU = Debug|Any CPU
		Release|Any CPU = Release|Any CPU
	EndGlobalSection
	GlobalSection(ProjectConfigurationPlatforms) = postSolution
		{467A4790-5F52-4FBD-9B6F-F4C4428A3CDD}.Debug|Any CPU.ActiveCfg = Debug|Any CPU
		{467A4790-5F52-4FBD-9B6F-F4C4428A3CDD}.Debug|Any CPU.Build.0 = Debug|Any CPU
		{467A4790-5F52-4FBD-9B6F-F4C4428A3CDD}.Release|Any CPU.ActiveCfg = Release|Any CPU
		{467A4790-5F52-4FBD-9B6F-F4C4428A3CDD}.Release|Any CPU.Build.0 = Release|Any CPU
	EndGlobalSection
	GlobalSection(SolutionProperties) = preSolution
		HideSolutionNode = FALSE
	EndGlobalSection
	GlobalSection(ExtensibilityGlobals) = postSolution
		SolutionGuid = {4FD5C0E3-DEF3-4BD5-9306-8F2C6C2CAC21}
	EndGlobalSection
EndGlobal
